
Microsoft Visual Studio Solution File, Format Version 12.00
# Visual Studio Version 16
VisualStudioVersion = 16.0.31613.86
MinimumVisualStudioVersion = 10.0.40219.1
Project("{FAE04EC0-301F-11D3-BF4B-00C04F79EFBC}") = "ArithmaticOperator", "ArithmaticOperator\ArithmaticOperator.csproj", "{67F68C97-5FD2-4B64-BAA6-9EB8E249BBEA}"
EndProject
Global
	GlobalSection(SolutionConfigurationPlatforms) = preSolution
		Debug|Any CPU = Debug|Any CPU
		Release|Any CPU = Release|Any CPU
	EndGlobalSection
	GlobalSection(ProjectConfigurationPlatforms) = postSolution
		{67F68C97-5FD2-4B64-BAA6-9EB8E249BBEA}.Debug|Any CPU.ActiveCfg = Debug|Any CPU
		{67F68C97-5FD2-4B64-BAA6-9EB8E249BBEA}.Debug|Any CPU.Build.0 = Debug|Any CPU
		{67F68C97-5FD2-4B64-BAA6-9EB8E249BBEA}.Release|Any CPU.ActiveCfg = Release|Any CPU
		{67F68C97-5FD2-4B64-BAA6-9EB8E249BBEA}.Release|Any CPU.Build.0 = Release|Any CPU
	EndGlobalSection
	GlobalSection(SolutionProperties) = preSolution
		HideSolutionNode = FALSE
	EndGlobalSection
	GlobalSection(ExtensibilityGlobals) = postSolution
		SolutionGuid = {16C01810-8BF8-43BA-A790-CC60D3007799}
	EndGlobalSection
EndGlobal
